
Microsoft Visual Studio Solution File, Format Version 12.00
# Visual Studio Version 17
VisualStudioVersion = 17.10.35013.160
MinimumVisualStudioVersion = 10.0.40219.1
Project("{FAE04EC0-301F-11D3-BF4B-00C04F79EFBC}") = "MyMediaPlayer", "MyMediaPlayer.csproj", "{14F3BB37-01EE-4463-8FC1-9400B84C2BB7}"
EndProject
Global
	GlobalSection(SolutionConfigurationPlatforms) = preSolution
		Debug|Any CPU = Debug|Any CPU
		Release|Any CPU = Release|Any CPU
	EndGlobalSection
	GlobalSection(ProjectConfigurationPlatforms) = postSolution
		{14F3BB37-01EE-4463-8FC1-9400B84C2BB7}.Debug|Any CPU.ActiveCfg = Debug|Any CPU
		{14F3BB37-01EE-4463-8FC1-9400B84C2BB7}.Debug|Any CPU.Build.0 = Debug|Any CPU
		{14F3BB37-01EE-4463-8FC1-9400B84C2BB7}.Release|Any CPU.ActiveCfg = Release|Any CPU
		{14F3BB37-01EE-4463-8FC1-9400B84C2BB7}.Release|Any CPU.Build.0 = Release|Any CPU
	EndGlobalSection
	GlobalSection(SolutionProperties) = preSolution
		HideSolutionNode = FALSE
	EndGlobalSection
	GlobalSection(ExtensibilityGlobals) = postSolution
		SolutionGuid = {951B47C0-3428-4D30-8E92-E035C5CEAAC0}
	EndGlobalSection
EndGlobal
